
Microsoft Visual Studio Solution File, Format Version 12.00
# Visual Studio Version 16
VisualStudioVersion = 16.0.30621.155
MinimumVisualStudioVersion = 10.0.40219.1
Project("{FAE04EC0-301F-11D3-BF4B-00C04F79EFBC}") = "Algorithms", "Algorithms\Algorithms.csproj", "{FF1074D2-2677-490D-B5FA-0E5167AD90F6}"
EndProject
Global
	GlobalSection(SolutionConfigurationPlatforms) = preSolution
		Debug|Any CPU = Debug|Any CPU
		Release|Any CPU = Release|Any CPU
	EndGlobalSection
	GlobalSection(ProjectConfigurationPlatforms) = postSolution
		{FF1074D2-2677-490D-B5FA-0E5167AD90F6}.Debug|Any CPU.ActiveCfg = Debug|Any CPU
		{FF1074D2-2677-490D-B5FA-0E5167AD90F6}.Debug|Any CPU.Build.0 = Debug|Any CPU
		{FF1074D2-2677-490D-B5FA-0E5167AD90F6}.Release|Any CPU.ActiveCfg = Release|Any CPU
		{FF1074D2-2677-490D-B5FA-0E5167AD90F6}.Release|Any CPU.Build.0 = Release|Any CPU
	EndGlobalSection
	GlobalSection(SolutionProperties) = preSolution
		HideSolutionNode = FALSE
	EndGlobalSection
	GlobalSection(ExtensibilityGlobals) = postSolution
		SolutionGuid = {013907DD-2C09-4BF4-9AAB-253B4541EDE8}
	EndGlobalSection
EndGlobal
